
Microsoft Visual Studio Solution File, Format Version 12.00
# Visual Studio Version 17
VisualStudioVersion = 17.12.35506.116 d17.12
MinimumVisualStudioVersion = 10.0.40219.1
Project("{FAE04EC0-301F-11D3-BF4B-00C04F79EFBC}") = "Sownloader.Api", "Sownloader.Api\Sownloader.Api.csproj", "{9616A168-0908-4A34-9C30-AD9E75674CE9}"
EndProject
Project("{FAE04EC0-301F-11D3-BF4B-00C04F79EFBC}") = "Sownloader.Core", "Sownloader.Core\Sownloader.Core.csproj", "{31AB44A3-BD52-4BB6-B044-DF6C20B61F08}"
EndProject
Project("{FAE04EC0-301F-11D3-BF4B-00C04F79EFBC}") = "Sownloader.CoreTester", "Sownloader.CoreTester\Sownloader.CoreTester.csproj", "{52C7C7F9-B838-4DA7-8FC1-D26E6B00966E}"
EndProject
Global
	GlobalSection(SolutionConfigurationPlatforms) = preSolution
		Debug|Any CPU = Debug|Any CPU
		Release|Any CPU = Release|Any CPU
	EndGlobalSection
	GlobalSection(ProjectConfigurationPlatforms) = postSolution
		{9616A168-0908-4A34-9C30-AD9E75674CE9}.Debug|Any CPU.ActiveCfg = Debug|Any CPU
		{9616A168-0908-4A34-9C30-AD9E75674CE9}.Debug|Any CPU.Build.0 = Debug|Any CPU
		{9616A168-0908-4A34-9C30-AD9E75674CE9}.Release|Any CPU.ActiveCfg = Release|Any CPU
		{9616A168-0908-4A34-9C30-AD9E75674CE9}.Release|Any CPU.Build.0 = Release|Any CPU
		{31AB44A3-BD52-4BB6-B044-DF6C20B61F08}.Debug|Any CPU.ActiveCfg = Debug|Any CPU
		{31AB44A3-BD52-4BB6-B044-DF6C20B61F08}.Debug|Any CPU.Build.0 = Debug|Any CPU
		{31AB44A3-BD52-4BB6-B044-DF6C20B61F08}.Release|Any CPU.ActiveCfg = Release|Any CPU
		{31AB44A3-BD52-4BB6-B044-DF6C20B61F08}.Release|Any CPU.Build.0 = Release|Any CPU
		{52C7C7F9-B838-4DA7-8FC1-D26E6B00966E}.Debug|Any CPU.ActiveCfg = Debug|Any CPU
		{52C7C7F9-B838-4DA7-8FC1-D26E6B00966E}.Debug|Any CPU.Build.0 = Debug|Any CPU
		{52C7C7F9-B838-4DA7-8FC1-D26E6B00966E}.Release|Any CPU.ActiveCfg = Release|Any CPU
		{52C7C7F9-B838-4DA7-8FC1-D26E6B00966E}.Release|Any CPU.Build.0 = Release|Any CPU
	EndGlobalSection
	GlobalSection(SolutionProperties) = preSolution
		HideSolutionNode = FALSE
	EndGlobalSection
EndGlobal
